
Microsoft Visual Studio Solution File, Format Version 12.00
# Visual Studio Version 16
VisualStudioVersion = 16.0.30114.105
MinimumVisualStudioVersion = 10.0.40219.1
Project("{FAE04EC0-301F-11D3-BF4B-00C04F79EFBC}") = "proyectoF", "proyectoF\proyectoF.csproj", "{FC42006E-3308-4599-B3D2-1CDC244466D0}"
EndProject
Project("{FAE04EC0-301F-11D3-BF4B-00C04F79EFBC}") = "Entity", "Entity\Entity.csproj", "{1BA85E4B-09DF-423A-A99E-E60574E2F102}"
EndProject
Project("{FAE04EC0-301F-11D3-BF4B-00C04F79EFBC}") = "DAL", "DAL\DAL.csproj", "{66BE2C59-14D0-4ECB-B2ED-95EC46F15F35}"
EndProject
Project("{FAE04EC0-301F-11D3-BF4B-00C04F79EFBC}") = "BLL", "BLL\BLL.csproj", "{162D59FF-EA42-4C40-8370-58350814F371}"
EndProject
Global
	GlobalSection(SolutionConfigurationPlatforms) = preSolution
		Debug|Any CPU = Debug|Any CPU
		Debug|x64 = Debug|x64
		Debug|x86 = Debug|x86
		Release|Any CPU = Release|Any CPU
		Release|x64 = Release|x64
		Release|x86 = Release|x86
	EndGlobalSection
	GlobalSection(SolutionProperties) = preSolution
		HideSolutionNode = FALSE
	EndGlobalSection
	GlobalSection(ProjectConfigurationPlatforms) = postSolution
		{FC42006E-3308-4599-B3D2-1CDC244466D0}.Debug|Any CPU.ActiveCfg = Debug|Any CPU
		{FC42006E-3308-4599-B3D2-1CDC244466D0}.Debug|Any CPU.Build.0 = Debug|Any CPU
		{FC42006E-3308-4599-B3D2-1CDC244466D0}.Debug|x64.ActiveCfg = Debug|Any CPU
		{FC42006E-3308-4599-B3D2-1CDC244466D0}.Debug|x64.Build.0 = Debug|Any CPU
		{FC42006E-3308-4599-B3D2-1CDC244466D0}.Debug|x86.ActiveCfg = Debug|Any CPU
		{FC42006E-3308-4599-B3D2-1CDC244466D0}.Debug|x86.Build.0 = Debug|Any CPU
		{FC42006E-3308-4599-B3D2-1CDC244466D0}.Release|Any CPU.ActiveCfg = Release|Any CPU
		{FC42006E-3308-4599-B3D2-1CDC244466D0}.Release|Any CPU.Build.0 = Release|Any CPU
		{FC42006E-3308-4599-B3D2-1CDC244466D0}.Release|x64.ActiveCfg = Release|Any CPU
		{FC42006E-3308-4599-B3D2-1CDC244466D0}.Release|x64.Build.0 = Release|Any CPU
		{FC42006E-3308-4599-B3D2-1CDC244466D0}.Release|x86.ActiveCfg = Release|Any CPU
		{FC42006E-3308-4599-B3D2-1CDC244466D0}.Release|x86.Build.0 = Release|Any CPU
		{1BA85E4B-09DF-423A-A99E-E60574E2F102}.Debug|Any CPU.ActiveCfg = Debug|Any CPU
		{1BA85E4B-09DF-423A-A99E-E60574E2F102}.Debug|Any CPU.Build.0 = Debug|Any CPU
		{1BA85E4B-09DF-423A-A99E-E60574E2F102}.Debug|x64.ActiveCfg = Debug|Any CPU
		{1BA85E4B-09DF-423A-A99E-E60574E2F102}.Debug|x64.Build.0 = Debug|Any CPU
		{1BA85E4B-09DF-423A-A99E-E60574E2F102}.Debug|x86.ActiveCfg = Debug|Any CPU
		{1BA85E4B-09DF-423A-A99E-E60574E2F102}.Debug|x86.Build.0 = Debug|Any CPU
		{1BA85E4B-09DF-423A-A99E-E60574E2F102}.Release|Any CPU.ActiveCfg = Release|Any CPU
		{1BA85E4B-09DF-423A-A99E-E60574E2F102}.Release|Any CPU.Build.0 = Release|Any CPU
		{1BA85E4B-09DF-423A-A99E-E60574E2F102}.Release|x64.ActiveCfg = Release|Any CPU
		{1BA85E4B-09DF-423A-A99E-E60574E2F102}.Release|x64.Build.0 = Release|Any CPU
		{1BA85E4B-09DF-423A-A99E-E60574E2F102}.Release|x86.ActiveCfg = Release|Any CPU
		{1BA85E4B-09DF-423A-A99E-E60574E2F102}.Release|x86.Build.0 = Release|Any CPU
		{66BE2C59-14D0-4ECB-B2ED-95EC46F15F35}.Debug|Any CPU.ActiveCfg = Debug|Any CPU
		{66BE2C59-14D0-4ECB-B2ED-95EC46F15F35}.Debug|Any CPU.Build.0 = Debug|Any CPU
		{66BE2C59-14D0-4ECB-B2ED-95EC46F15F35}.Debug|x64.ActiveCfg = Debug|Any CPU
		{66BE2C59-14D0-4ECB-B2ED-95EC46F15F35}.Debug|x64.Build.0 = Debug|Any CPU
		{66BE2C59-14D0-4ECB-B2ED-95EC46F15F35}.Debug|x86.ActiveCfg = Debug|Any CPU
		{66BE2C59-14D0-4ECB-B2ED-95EC46F15F35}.Debug|x86.Build.0 = Debug|Any CPU
		{66BE2C59-14D0-4ECB-B2ED-95EC46F15F35}.Release|Any CPU.ActiveCfg = Release|Any CPU
		{66BE2C59-14D0-4ECB-B2ED-95EC46F15F35}.Release|Any CPU.Build.0 = Release|Any CPU
		{66BE2C59-14D0-4ECB-B2ED-95EC46F15F35}.Release|x64.ActiveCfg = Release|Any CPU
		{66BE2C59-14D0-4ECB-B2ED-95EC46F15F35}.Release|x64.Build.0 = Release|Any CPU
		{66BE2C59-14D0-4ECB-B2ED-95EC46F15F35}.Release|x86.ActiveCfg = Release|Any CPU
		{66BE2C59-14D0-4ECB-B2ED-95EC46F15F35}.Release|x86.Build.0 = Release|Any CPU
		{162D59FF-EA42-4C40-8370-58350814F371}.Debug|Any CPU.ActiveCfg = Debug|Any CPU
		{162D59FF-EA42-4C40-8370-58350814F371}.Debug|Any CPU.Build.0 = Debug|Any CPU
		{162D59FF-EA42-4C40-8370-58350814F371}.Debug|x64.ActiveCfg = Debug|Any CPU
		{162D59FF-EA42-4C40-8370-58350814F371}.Debug|x64.Build.0 = Debug|Any CPU
		{162D59FF-EA42-4C40-8370-58350814F371}.Debug|x86.ActiveCfg = Debug|Any CPU
		{162D59FF-EA42-4C40-8370-58350814F371}.Debug|x86.Build.0 = Debug|Any CPU
		{162D59FF-EA42-4C40-8370-58350814F371}.Release|Any CPU.ActiveCfg = Release|Any CPU
		{162D59FF-EA42-4C40-8370-58350814F371}.Release|Any CPU.Build.0 = Release|Any CPU
		{162D59FF-EA42-4C40-8370-58350814F371}.Release|x64.ActiveCfg = Release|Any CPU
		{162D59FF-EA42-4C40-8370-58350814F371}.Release|x64.Build.0 = Release|Any CPU
		{162D59FF-EA42-4C40-8370-58350814F371}.Release|x86.ActiveCfg = Release|Any CPU
		{162D59FF-EA42-4C40-8370-58350814F371}.Release|x86.Build.0 = Release|Any CPU
	EndGlobalSection
EndGlobal
